
Microsoft Visual Studio Solution File, Format Version 12.00
# Visual Studio Version 17
VisualStudioVersion = 17.9.34616.47
MinimumVisualStudioVersion = 10.0.40219.1
Project("{FAE04EC0-301F-11D3-BF4B-00C04F79EFBC}") = "SyncTwoFolders", "SyncTwoFolders.csproj", "{37E64D66-A212-4A97-9124-CF28F011F127}"
EndProject
Global
	GlobalSection(SolutionConfigurationPlatforms) = preSolution
		Debug|Any CPU = Debug|Any CPU
		Release|Any CPU = Release|Any CPU
	EndGlobalSection
	GlobalSection(ProjectConfigurationPlatforms) = postSolution
		{37E64D66-A212-4A97-9124-CF28F011F127}.Debug|Any CPU.ActiveCfg = Debug|Any CPU
		{37E64D66-A212-4A97-9124-CF28F011F127}.Debug|Any CPU.Build.0 = Debug|Any CPU
		{37E64D66-A212-4A97-9124-CF28F011F127}.Release|Any CPU.ActiveCfg = Release|Any CPU
		{37E64D66-A212-4A97-9124-CF28F011F127}.Release|Any CPU.Build.0 = Release|Any CPU
	EndGlobalSection
	GlobalSection(SolutionProperties) = preSolution
		HideSolutionNode = FALSE
	EndGlobalSection
	GlobalSection(ExtensibilityGlobals) = postSolution
		SolutionGuid = {3C4B5729-D519-4B09-919E-190575B26754}
	EndGlobalSection
EndGlobal
